{
    "version": 3,
    "terraform_version": "0.11.7",
    "serial": 3,
    "lineage": "3f6fe90c-1991-0674-fa73-eac29bcfe5a7",
    "modules": [
        {
            "path": [
                "root"
            ],
            "outputs": {
                "portal_url": {
                    "sensitive": false,
                    "type": "string",
                    "value": "astro-tap-portal.s3-website-ap-southeast-1.amazonaws.com"
                }
            },
            "resources": {
                "aws_s3_bucket.portal_bucket": {
                    "type": "aws_s3_bucket",
                    "depends_on": [],
                    "primary": {
                        "id": "astro-tap-portal",
                        "attributes": {
                            "acceleration_status": "",
                            "acl": "public-read",
                            "arn": "arn:aws:s3:::astro-tap-portal",
                            "bucket": "astro-tap-portal",
                            "bucket_domain_name": "astro-tap-portal.s3.amazonaws.com",
                            "bucket_regional_domain_name": "astro-tap-portal.s3.ap-southeast-1.amazonaws.com",
                            "cors_rule.#": "0",
                            "force_destroy": "false",
                            "hosted_zone_id": "Z3O0J2DXBE1FTB",
                            "id": "astro-tap-portal",
                            "lifecycle_rule.#": "0",
                            "logging.#": "0",
                            "policy": "{\"Statement\":[{\"Action\":\"s3:GetObject\",\"Effect\":\"Allow\",\"Principal\":{\"AWS\":\"*\"},\"Resource\":\"arn:aws:s3:::astro-tap-portal/*\",\"Sid\":\"PublicReadForGetBucketObjects\"}],\"Version\":\"2008-10-17\"}",
                            "region": "ap-southeast-1",
                            "replication_configuration.#": "0",
                            "request_payer": "BucketOwner",
                            "server_side_encryption_configuration.#": "0",
                            "tags.%": "0",
                            "versioning.#": "1",
                            "versioning.0.enabled": "false",
                            "versioning.0.mfa_delete": "false",
                            "website.#": "1",
                            "website.0.error_document": "",
                            "website.0.index_document": "index.html",
                            "website.0.redirect_all_requests_to": "",
                            "website.0.routing_rules": "",
                            "website_domain": "s3-website-ap-southeast-1.amazonaws.com",
                            "website_endpoint": "astro-tap-portal.s3-website-ap-southeast-1.amazonaws.com"
                        },
                        "meta": {},
                        "tainted": false
                    },
                    "deposed": [],
                    "provider": "provider.aws"
                }
            },
            "depends_on": []
        }
    ]
}
